
Microsoft Visual Studio Solution File, Format Version 12.00
# Visual Studio Version 17
VisualStudioVersion = 17.6.33723.286
MinimumVisualStudioVersion = 10.0.40219.1
Project("{FAE04EC0-301F-11D3-BF4B-00C04F79EFBC}") = "Ais2ToAis3-2_tsp", "Ais2ToAis3-2_tsp.csproj", "{8DBA7B64-144A-4EBD-A589-000A4AB7888F}"
EndProject
Global
	GlobalSection(SolutionConfigurationPlatforms) = preSolution
		Debug|Any CPU = Debug|Any CPU
		Release|Any CPU = Release|Any CPU
	EndGlobalSection
	GlobalSection(ProjectConfigurationPlatforms) = postSolution
		{8DBA7B64-144A-4EBD-A589-000A4AB7888F}.Debug|Any CPU.ActiveCfg = Debug|Any CPU
		{8DBA7B64-144A-4EBD-A589-000A4AB7888F}.Debug|Any CPU.Build.0 = Debug|Any CPU
		{8DBA7B64-144A-4EBD-A589-000A4AB7888F}.Release|Any CPU.ActiveCfg = Release|Any CPU
		{8DBA7B64-144A-4EBD-A589-000A4AB7888F}.Release|Any CPU.Build.0 = Release|Any CPU
	EndGlobalSection
	GlobalSection(SolutionProperties) = preSolution
		HideSolutionNode = FALSE
	EndGlobalSection
	GlobalSection(ExtensibilityGlobals) = postSolution
		SolutionGuid = {3A7A91B7-3A97-4127-A6C5-A5570F2BD5B2}
	EndGlobalSection
EndGlobal
